{
    "name": "@myScope/myProject",
    "version": "1.0.0-myPrerelease",
    "lockfileVersion": 1,
    "requires": true,
    "dependencies": {
        "script.cmake": {
            "version": "file:..",
            "dev": true,
            "requires": {
                "@ewam/script.cli": "^1.0.0"
            },
            "dependencies": {
                "@ewam/script.cli": {
                    "version": "1.0.0",
                    "resolved": "https://registry.npmjs.org/@ewam/script.cli/-/script.cli-1.0.0.tgz",
                    "integrity": "sha512-m04jcINbfCy2KVs7dmfWdBC0FVx0xKmiXIuP9k07gSK0+xiPtfzMtbT7u/Dso1morkjvQkjWJJHc/+/hmkAShA==",
                    "dev": true
                }
            }
        }
    }
}
