{
    "name": "@ewam/script.cmake",
    "version": "0.0.1",
    "lockfileVersion": 2,
    "requires": true,
    "packages": {
        "": {
            "name": "@ewam/script.cmake",
            "version": "0.0.1",
            "license": "MIT",
            "dependencies": {
                "@ewam/script.cli": "1.0.11"
            }
        },
        "node_modules/@ewam/script.cli": {
            "version": "1.0.11",
            "resolved": "https://pkgs.dev.azure.com/mphasis-wyde/ewam/_packaging/ewam/npm/registry/@ewam/script.cli/-/script.cli-1.0.11.tgz",
            "integrity": "sha1-EOovA1X9WXaTJ7A31JQNcBnn9xE=",
            "license": "MIT"
        }
    },
    "dependencies": {
        "@ewam/script.cli": {
            "version": "1.0.11",
            "resolved": "https://pkgs.dev.azure.com/mphasis-wyde/ewam/_packaging/ewam/npm/registry/@ewam/script.cli/-/script.cli-1.0.11.tgz",
            "integrity": "sha1-EOovA1X9WXaTJ7A31JQNcBnn9xE="
        }
    }
}
